
Microsoft Visual Studio Solution File, Format Version 12.00
# Visual Studio Version 16
VisualStudioVersion = 16.0.30907.101
MinimumVisualStudioVersion = 10.0.40219.1
Project("{9A19103F-16F7-4668-BE54-9A1E7A4F7556}") = "InstaClone.WebAPI", "InstaClone.WebAPI\InstaClone.WebAPI.csproj", "{A1E4810F-CDE1-4973-B0E0-39DBE63D2CB1}"
	ProjectSection(ProjectDependencies) = postProject
		{0DB45114-A6BE-477E-A355-4DC7B83033ED} = {0DB45114-A6BE-477E-A355-4DC7B83033ED}
	EndProjectSection
EndProject
Project("{2150E333-8FDC-42A3-9474-1A3956D46DE8}") = "Domain", "Domain", "{0D86278F-03A1-41C7-B1B8-567A0D6E771D}"
EndProject
Project("{9A19103F-16F7-4668-BE54-9A1E7A4F7556}") = "InstaClone.Domain", "InstaClone.Domain\InstaClone.Domain.csproj", "{133A27E5-645D-49C5-8CED-FCB346FC4702}"
EndProject
Project("{2150E333-8FDC-42A3-9474-1A3956D46DE8}") = "Infra", "Infra", "{53582643-5AAF-4464-8C33-B74A7DD9A6A7}"
EndProject
Project("{9A19103F-16F7-4668-BE54-9A1E7A4F7556}") = "InstaClone.Infra.Data", "InstaClone.Infra.Data\InstaClone.Infra.Data.csproj", "{746FCFDD-4470-40C9-B4B8-242ABE5084B5}"
EndProject
Project("{2150E333-8FDC-42A3-9474-1A3956D46DE8}") = "Data", "Data", "{C44E5D8C-C223-4FE0-A1C8-9A1899CCD146}"
EndProject
Project("{2150E333-8FDC-42A3-9474-1A3956D46DE8}") = "WebApi", "WebApi", "{EAFD9048-9693-41C0-AF59-AB47E0CD0ABA}"
EndProject
Project("{E53339B2-1760-4266-BCC7-CA923CBCF16C}") = "docker-compose", "docker-compose.dcproj", "{CDDAF64A-D05C-4DF3-9F09-DF97B39D7A22}"
EndProject
Project("{2150E333-8FDC-42A3-9474-1A3956D46DE8}") = "Application", "Application", "{98E06AF1-425D-402C-9A91-926BD5A4DAD1}"
EndProject
Project("{9A19103F-16F7-4668-BE54-9A1E7A4F7556}") = "InstaClone.Application", "InstaClone.Application\InstaClone.Application.csproj", "{0DB45114-A6BE-477E-A355-4DC7B83033ED}"
EndProject
Project("{2150E333-8FDC-42A3-9474-1A3956D46DE8}") = "src", "src", "{3E4A8BDB-03CB-4AF3-BB63-39FB1759E45A}"
EndProject
Project("{2150E333-8FDC-42A3-9474-1A3956D46DE8}") = "tests", "tests", "{BD023BBB-D378-439C-925D-53667F87C29D}"
EndProject
Project("{FAE04EC0-301F-11D3-BF4B-00C04F79EFBC}") = "InstaClone.Application.UnitTests", "InstaClone.Application.UnitTests\InstaClone.Application.UnitTests.csproj", "{4DC6EB28-4DAE-400E-81D5-9F20370CD2D2}"
EndProject
Global
	GlobalSection(SolutionConfigurationPlatforms) = preSolution
		Debug|Any CPU = Debug|Any CPU
		Release|Any CPU = Release|Any CPU
	EndGlobalSection
	GlobalSection(ProjectConfigurationPlatforms) = postSolution
		{A1E4810F-CDE1-4973-B0E0-39DBE63D2CB1}.Debug|Any CPU.ActiveCfg = Debug|Any CPU
		{A1E4810F-CDE1-4973-B0E0-39DBE63D2CB1}.Debug|Any CPU.Build.0 = Debug|Any CPU
		{A1E4810F-CDE1-4973-B0E0-39DBE63D2CB1}.Release|Any CPU.ActiveCfg = Release|Any CPU
		{A1E4810F-CDE1-4973-B0E0-39DBE63D2CB1}.Release|Any CPU.Build.0 = Release|Any CPU
		{133A27E5-645D-49C5-8CED-FCB346FC4702}.Debug|Any CPU.ActiveCfg = Debug|Any CPU
		{133A27E5-645D-49C5-8CED-FCB346FC4702}.Debug|Any CPU.Build.0 = Debug|Any CPU
		{133A27E5-645D-49C5-8CED-FCB346FC4702}.Release|Any CPU.ActiveCfg = Release|Any CPU
		{133A27E5-645D-49C5-8CED-FCB346FC4702}.Release|Any CPU.Build.0 = Release|Any CPU
		{746FCFDD-4470-40C9-B4B8-242ABE5084B5}.Debug|Any CPU.ActiveCfg = Debug|Any CPU
		{746FCFDD-4470-40C9-B4B8-242ABE5084B5}.Debug|Any CPU.Build.0 = Debug|Any CPU
		{746FCFDD-4470-40C9-B4B8-242ABE5084B5}.Release|Any CPU.ActiveCfg = Release|Any CPU
		{746FCFDD-4470-40C9-B4B8-242ABE5084B5}.Release|Any CPU.Build.0 = Release|Any CPU
		{CDDAF64A-D05C-4DF3-9F09-DF97B39D7A22}.Debug|Any CPU.ActiveCfg = Debug|Any CPU
		{CDDAF64A-D05C-4DF3-9F09-DF97B39D7A22}.Debug|Any CPU.Build.0 = Debug|Any CPU
		{CDDAF64A-D05C-4DF3-9F09-DF97B39D7A22}.Release|Any CPU.ActiveCfg = Release|Any CPU
		{CDDAF64A-D05C-4DF3-9F09-DF97B39D7A22}.Release|Any CPU.Build.0 = Release|Any CPU
		{0DB45114-A6BE-477E-A355-4DC7B83033ED}.Debug|Any CPU.ActiveCfg = Debug|Any CPU
		{0DB45114-A6BE-477E-A355-4DC7B83033ED}.Debug|Any CPU.Build.0 = Debug|Any CPU
		{0DB45114-A6BE-477E-A355-4DC7B83033ED}.Release|Any CPU.ActiveCfg = Release|Any CPU
		{0DB45114-A6BE-477E-A355-4DC7B83033ED}.Release|Any CPU.Build.0 = Release|Any CPU
		{4DC6EB28-4DAE-400E-81D5-9F20370CD2D2}.Debug|Any CPU.ActiveCfg = Debug|Any CPU
		{4DC6EB28-4DAE-400E-81D5-9F20370CD2D2}.Debug|Any CPU.Build.0 = Debug|Any CPU
		{4DC6EB28-4DAE-400E-81D5-9F20370CD2D2}.Release|Any CPU.ActiveCfg = Release|Any CPU
		{4DC6EB28-4DAE-400E-81D5-9F20370CD2D2}.Release|Any CPU.Build.0 = Release|Any CPU
	EndGlobalSection
	GlobalSection(SolutionProperties) = preSolution
		HideSolutionNode = FALSE
	EndGlobalSection
	GlobalSection(NestedProjects) = preSolution
		{A1E4810F-CDE1-4973-B0E0-39DBE63D2CB1} = {EAFD9048-9693-41C0-AF59-AB47E0CD0ABA}
		{0D86278F-03A1-41C7-B1B8-567A0D6E771D} = {3E4A8BDB-03CB-4AF3-BB63-39FB1759E45A}
		{133A27E5-645D-49C5-8CED-FCB346FC4702} = {0D86278F-03A1-41C7-B1B8-567A0D6E771D}
		{53582643-5AAF-4464-8C33-B74A7DD9A6A7} = {3E4A8BDB-03CB-4AF3-BB63-39FB1759E45A}
		{746FCFDD-4470-40C9-B4B8-242ABE5084B5} = {C44E5D8C-C223-4FE0-A1C8-9A1899CCD146}
		{C44E5D8C-C223-4FE0-A1C8-9A1899CCD146} = {53582643-5AAF-4464-8C33-B74A7DD9A6A7}
		{EAFD9048-9693-41C0-AF59-AB47E0CD0ABA} = {3E4A8BDB-03CB-4AF3-BB63-39FB1759E45A}
		{98E06AF1-425D-402C-9A91-926BD5A4DAD1} = {3E4A8BDB-03CB-4AF3-BB63-39FB1759E45A}
		{0DB45114-A6BE-477E-A355-4DC7B83033ED} = {98E06AF1-425D-402C-9A91-926BD5A4DAD1}
		{4DC6EB28-4DAE-400E-81D5-9F20370CD2D2} = {BD023BBB-D378-439C-925D-53667F87C29D}
	EndGlobalSection
	GlobalSection(ExtensibilityGlobals) = postSolution
		SolutionGuid = {CCD29CF9-22B0-4CE2-8385-D5315DB6782D}
	EndGlobalSection
EndGlobal
